Microsoft Visual Studio Solution File, Format Version 12.00
# Visual Studio Version 17
VisualStudioVersion = 17.5.2.0
MinimumVisualStudioVersion = 10.0.40219.1
Project("{FAE04EC0-301F-11D3-BF4B-00C04F79EFBC}") = "WaveWalker", "WaveWalker.csproj", "{B611A412-C4E8-764B-9671-CBEDD81F18CC}"
EndProject
Global
	GlobalSection(SolutionConfigurationPlatforms) = preSolution
		Debug|Any CPU = Debug|Any CPU
		Release|Any CPU = Release|Any CPU
	EndGlobalSection
	GlobalSection(ProjectConfigurationPlatforms) = postSolution
		{B611A412-C4E8-764B-9671-CBEDD81F18CC}.Debug|Any CPU.ActiveCfg = Debug|Any CPU
		{B611A412-C4E8-764B-9671-CBEDD81F18CC}.Debug|Any CPU.Build.0 = Debug|Any CPU
		{B611A412-C4E8-764B-9671-CBEDD81F18CC}.Release|Any CPU.ActiveCfg = Release|Any CPU
		{B611A412-C4E8-764B-9671-CBEDD81F18CC}.Release|Any CPU.Build.0 = Release|Any CPU
	EndGlobalSection
	GlobalSection(SolutionProperties) = preSolution
		HideSolutionNode = FALSE
	EndGlobalSection
	GlobalSection(ExtensibilityGlobals) = postSolution
		SolutionGuid = {016DE5AD-CDCC-47FD-8524-4D3F73C1FF3F}
	EndGlobalSection
EndGlobal
